// !$*UTF8*$!
{
	archiveVersion = 1;
	classes = {
	};
	objectVersion = 56;
	objects = {

/* Begin PBXBuildFile section */
		FA7C908A2A8A11F500B740E2 /* APIcaller.swift in Sources */ = {isa = PBXBuildFile; fileRef = FA7C90892A8A11F500B740E2 /* APIcaller.swift */; };
		FA7C908C2A8A1CC800B740E2 /* Movie.swift in Sources */ = {isa = PBXBuildFile; fileRef = FA7C908B2A8A1CC800B740E2 /* Movie.swift */; };
		FA7C908F2A8A208900B740E2 /* Extension.swift in Sources */ = {isa = PBXBuildFile; fileRef = FA7C908E2A8A208900B740E2 /* Extension.swift */; };
		FA7C90922A8A277800B740E2 /* Tv.swift in Sources */ = {isa = PBXBuildFile; fileRef = FA7C90912A8A277800B740E2 /* Tv.swift */; };
		FA7C90942A8A307500B740E2 /* TitleCollectionViewCell.swift in Sources */ = {isa = PBXBuildFile; fileRef = FA7C90932A8A307500B740E2 /* TitleCollectionViewCell.swift */; };
		FA7C90972A8A368C00B740E2 /* SDWebImage in Frameworks */ = {isa = PBXBuildFile; productRef = FA7C90962A8A368C00B740E2 /* SDWebImage */; };
		FA7C90992A8A368C00B740E2 /* SDWebImageMapKit in Frameworks */ = {isa = PBXBuildFile; productRef = FA7C90982A8A368C00B740E2 /* SDWebImageMapKit */; };
		FA7C909B2A8CA89F00B740E2 /* TitleTableViewCell.swift in Sources */ = {isa = PBXBuildFile; fileRef = FA7C909A2A8CA89F00B740E2 /* TitleTableViewCell.swift */; };
		FA7C909D2A8CAC4400B740E2 /* TitleViewModel.swift in Sources */ = {isa = PBXBuildFile; fileRef = FA7C909C2A8CAC4400B740E2 /* TitleViewModel.swift */; };
		FA7C909F2A8CB9A100B740E2 /* SearchResultViewController.swift in Sources */ = {isa = PBXBuildFile; fileRef = FA7C909E2A8CB9A100B740E2 /* SearchResultViewController.swift */; };
		FA7C90A32A8CC62A00B740E2 /* YoutubeSearchResponse.swift in Sources */ = {isa = PBXBuildFile; fileRef = FA7C90A22A8CC62A00B740E2 /* YoutubeSearchResponse.swift */; };
		FA7C90A52A8DEDF700B740E2 /* TitlePreviewViewController.swift in Sources */ = {isa = PBXBuildFile; fileRef = FA7C90A42A8DEDF700B740E2 /* TitlePreviewViewController.swift */; };
		FA7C90A72A8DF18A00B740E2 /* TitlePreviewViewModel.swift in Sources */ = {isa = PBXBuildFile; fileRef = FA7C90A62A8DF18A00B740E2 /* TitlePreviewViewModel.swift */; };
		FAAD3FA82A8F66BE00F633D6 /* movieFlimModel.xcdatamodeld in Sources */ = {isa = PBXBuildFile; fileRef = FAAD3FA62A8F66BE00F633D6 /* movieFlimModel.xcdatamodeld */; };
		FAAD3FAA2A8F69BF00F633D6 /* DataPersitanceManager.swift in Sources */ = {isa = PBXBuildFile; fileRef = FAAD3FA92A8F69BF00F633D6 /* DataPersitanceManager.swift */; };
		FABC2CB02A7E98E000C96CEA /* AppDelegate.swift in Sources */ = {isa = PBXBuildFile; fileRef = FABC2CAF2A7E98E000C96CEA /* AppDelegate.swift */; };
		FABC2CB22A7E98E000C96CEA /* SceneDelegate.swift in Sources */ = {isa = PBXBuildFile; fileRef = FABC2CB12A7E98E000C96CEA /* SceneDelegate.swift */; };
		FABC2CB42A7E98E000C96CEA /* ViewController.swift in Sources */ = {isa = PBXBuildFile; fileRef = FABC2CB32A7E98E000C96CEA /* ViewController.swift */; };
		FABC2CB92A7E98E100C96CEA /* Assets.xcassets in Resources */ = {isa = PBXBuildFile; fileRef = FABC2CB82A7E98E100C96CEA /* Assets.xcassets */; };
		FABC2CBC2A7E98E100C96CEA /* LaunchScreen.storyboard in Resources */ = {isa = PBXBuildFile; fileRef = FABC2CBA2A7E98E100C96CEA /* LaunchScreen.storyboard */; };
		FABC2CC42A7E9DB300C96CEA /* MainTabBarViewController.swift in Sources */ = {isa = PBXBuildFile; fileRef = FABC2CC32A7E9DB300C96CEA /* MainTabBarViewController.swift */; };
		FABC2CC72A7E9EA500C96CEA /* HomeViewController.swift in Sources */ = {isa = PBXBuildFile; fileRef = FABC2CC62A7E9EA500C96CEA /* HomeViewController.swift */; };
		FABC2CC92A7E9F1F00C96CEA /* UpCommingViewController.swift in Sources */ = {isa = PBXBuildFile; fileRef = FABC2CC82A7E9F1F00C96CEA /* UpCommingViewController.swift */; };
		FABC2CCB2A7E9F3F00C96CEA /* SearchViewController.swift in Sources */ = {isa = PBXBuildFile; fileRef = FABC2CCA2A7E9F3F00C96CEA /* SearchViewController.swift */; };
		FABC2CCD2A7E9F6F00C96CEA /* DownloadViewController.swift in Sources */ = {isa = PBXBuildFile; fileRef = FABC2CCC2A7E9F6F00C96CEA /* DownloadViewController.swift */; };
		FABC2CD32A7EA6B700C96CEA /* CollectionViewTableViewCell.swift in Sources */ = {isa = PBXBuildFile; fileRef = FABC2CD22A7EA6B700C96CEA /* CollectionViewTableViewCell.swift */; };
		FABC2CD52A7F741100C96CEA /* HeroHeaderUIView.swift in Sources */ = {isa = PBXBuildFile; fileRef = FABC2CD42A7F741100C96CEA /* HeroHeaderUIView.swift */; };
/* End PBXBuildFile section */

/* Begin PBXFileReference section */
		FA7C90892A8A11F500B740E2 /* APIcaller.swift */ = {isa = PBXFileReference; lastKnownFileType = sourcecode.swift; path = APIcaller.swift; sourceTree = "<group>"; };
		FA7C908B2A8A1CC800B740E2 /* Movie.swift */ = {isa = PBXFileReference; lastKnownFileType = sourcecode.swift; path = Movie.swift; sourceTree = "<group>"; };
		FA7C908E2A8A208900B740E2 /* Extension.swift */ = {isa = PBXFileReference; lastKnownFileType = sourcecode.swift; path = Extension.swift; sourceTree = "<group>"; };
		FA7C90912A8A277800B740E2 /* Tv.swift */ = {isa = PBXFileReference; lastKnownFileType = sourcecode.swift; path = Tv.swift; sourceTree = "<group>"; };
		FA7C90932A8A307500B740E2 /* TitleCollectionViewCell.swift */ = {isa = PBXFileReference; lastKnownFileType = sourcecode.swift; path = TitleCollectionViewCell.swift; sourceTree = "<group>"; };
		FA7C909A2A8CA89F00B740E2 /* TitleTableViewCell.swift */ = {isa = PBXFileReference; lastKnownFileType = sourcecode.swift; path = TitleTableViewCell.swift; sourceTree = "<group>"; };
		FA7C909C2A8CAC4400B740E2 /* TitleViewModel.swift */ = {isa = PBXFileReference; lastKnownFileType = sourcecode.swift; path = TitleViewModel.swift; sourceTree = "<group>"; };
		FA7C909E2A8CB9A100B740E2 /* SearchResultViewController.swift */ = {isa = PBXFileReference; lastKnownFileType = sourcecode.swift; path = SearchResultViewController.swift; sourceTree = "<group>"; };
		FA7C90A22A8CC62A00B740E2 /* YoutubeSearchResponse.swift */ = {isa = PBXFileReference; lastKnownFileType = sourcecode.swift; path = YoutubeSearchResponse.swift; sourceTree = "<group>"; };
		FA7C90A42A8DEDF700B740E2 /* TitlePreviewViewController.swift */ = {isa = PBXFileReference; lastKnownFileType = sourcecode.swift; path = TitlePreviewViewController.swift; sourceTree = "<group>"; };
		FA7C90A62A8DF18A00B740E2 /* TitlePreviewViewModel.swift */ = {isa = PBXFileReference; lastKnownFileType = sourcecode.swift; path = TitlePreviewViewModel.swift; sourceTree = "<group>"; };
		FAAD3FA72A8F66BE00F633D6 /* movieFlimModel.xcdatamodel */ = {isa = PBXFileReference; lastKnownFileType = wrapper.xcdatamodel; path = movieFlimModel.xcdatamodel; sourceTree = "<group>"; };
		FAAD3FA92A8F69BF00F633D6 /* DataPersitanceManager.swift */ = {isa = PBXFileReference; lastKnownFileType = sourcecode.swift; path = DataPersitanceManager.swift; sourceTree = "<group>"; };
		FABC2CAC2A7E98E000C96CEA /* MovieFlim.app */ = {isa = PBXFileReference; explicitFileType = wrapper.application; includeInIndex = 0; path = MovieFlim.app; sourceTree = BUILT_PRODUCTS_DIR; };
		FABC2CAF2A7E98E000C96CEA /* AppDelegate.swift */ = {isa = PBXFileReference; lastKnownFileType = sourcecode.swift; path = AppDelegate.swift; sourceTree = "<group>"; };
		FABC2CB12A7E98E000C96CEA /* SceneDelegate.swift */ = {isa = PBXFileReference; lastKnownFileType = sourcecode.swift; path = SceneDelegate.swift; sourceTree = "<group>"; };
		FABC2CB32A7E98E000C96CEA /* ViewController.swift */ = {isa = PBXFileReference; lastKnownFileType = sourcecode.swift; path = ViewController.swift; sourceTree = "<group>"; };
		FABC2CB82A7E98E100C96CEA /* Assets.xcassets */ = {isa = PBXFileReference; lastKnownFileType = folder.assetcatalog; path = Assets.xcassets; sourceTree = "<group>"; };
		FABC2CBB2A7E98E100C96CEA /* Base */ = {isa = PBXFileReference; lastKnownFileType = file.storyboard; name = Base; path = Base.lproj/LaunchScreen.storyboard; sourceTree = "<group>"; };
		FABC2CBD2A7E98E200C96CEA /* Info.plist */ = {isa = PBXFileReference; lastKnownFileType = text.plist.xml; path = Info.plist; sourceTree = "<group>"; };
		FABC2CC32A7E9DB300C96CEA /* MainTabBarViewController.swift */ = {isa = PBXFileReference; lastKnownFileType = sourcecode.swift; path = MainTabBarViewController.swift; sourceTree = "<group>"; };
		FABC2CC62A7E9EA500C96CEA /* HomeViewController.swift */ = {isa = PBXFileReference; lastKnownFileType = sourcecode.swift; path = HomeViewController.swift; sourceTree = "<group>"; };
		FABC2CC82A7E9F1F00C96CEA /* UpCommingViewController.swift */ = {isa = PBXFileReference; lastKnownFileType = sourcecode.swift; path = UpCommingViewController.swift; sourceTree = "<group>"; };
		FABC2CCA2A7E9F3F00C96CEA /* SearchViewController.swift */ = {isa = PBXFileReference; lastKnownFileType = sourcecode.swift; path = SearchViewController.swift; sourceTree = "<group>"; };
		FABC2CCC2A7E9F6F00C96CEA /* DownloadViewController.swift */ = {isa = PBXFileReference; lastKnownFileType = sourcecode.swift; path = DownloadViewController.swift; sourceTree = "<group>"; };
		FABC2CD22A7EA6B700C96CEA /* CollectionViewTableViewCell.swift */ = {isa = PBXFileReference; lastKnownFileType = sourcecode.swift; path = CollectionViewTableViewCell.swift; sourceTree = "<group>"; };
		FABC2CD42A7F741100C96CEA /* HeroHeaderUIView.swift */ = {isa = PBXFileReference; lastKnownFileType = sourcecode.swift; path = HeroHeaderUIView.swift; sourceTree = "<group>"; };
/* End PBXFileReference section */

/* Begin PBXFrameworksBuildPhase section */
		FABC2CA92A7E98E000C96CEA /* Frameworks */ = {
			isa = PBXFrameworksBuildPhase;
			buildActionMask = 2147483647;
			files = (
				FA7C90992A8A368C00B740E2 /* SDWebImageMapKit in Frameworks */,
				FA7C90972A8A368C00B740E2 /* SDWebImage in Frameworks */,
			);
			runOnlyForDeploymentPostprocessing = 0;
		};
/* End PBXFrameworksBuildPhase section */

/* Begin PBXGroup section */
		FA7C908D2A8A207600B740E2 /* Resources */ = {
			isa = PBXGroup;
			children = (
				FA7C908E2A8A208900B740E2 /* Extension.swift */,
			);
			path = Resources;
			sourceTree = "<group>";
		};
		FA7C90A02A8CB9D700B740E2 /* Core */ = {
			isa = PBXGroup;
			children = (
				FABC2CCC2A7E9F6F00C96CEA /* DownloadViewController.swift */,
				FABC2CCA2A7E9F3F00C96CEA /* SearchViewController.swift */,
				FABC2CC82A7E9F1F00C96CEA /* UpCommingViewController.swift */,
				FABC2CC62A7E9EA500C96CEA /* HomeViewController.swift */,
			);
			path = Core;
			sourceTree = "<group>";
		};
		FA7C90A12A8CBA2300B740E2 /* General */ = {
			isa = PBXGroup;
			children = (
				FA7C909E2A8CB9A100B740E2 /* SearchResultViewController.swift */,
				FA7C90A42A8DEDF700B740E2 /* TitlePreviewViewController.swift */,
			);
			path = General;
			sourceTree = "<group>";
		};
		FABC2CA32A7E98E000C96CEA = {
			isa = PBXGroup;
			children = (
				FABC2CAE2A7E98E000C96CEA /* MovieFlim */,
				FABC2CAD2A7E98E000C96CEA /* Products */,
			);
			sourceTree = "<group>";
		};
		FABC2CAD2A7E98E000C96CEA /* Products */ = {
			isa = PBXGroup;
			children = (
				FABC2CAC2A7E98E000C96CEA /* MovieFlim.app */,
			);
			name = Products;
			sourceTree = "<group>";
		};
		FABC2CAE2A7E98E000C96CEA /* MovieFlim */ = {
			isa = PBXGroup;
			children = (
				FA7C908D2A8A207600B740E2 /* Resources */,
				FABC2CD12A7EA67900C96CEA /* Models */,
				FABC2CD02A7EA67000C96CEA /* Managers */,
				FABC2CCF2A7EA66400C96CEA /* ViewModels */,
				FABC2CCE2A7EA65200C96CEA /* Views */,
				FABC2CC52A7E9E8B00C96CEA /* Controllers */,
				FABC2CAF2A7E98E000C96CEA /* AppDelegate.swift */,
				FABC2CB12A7E98E000C96CEA /* SceneDelegate.swift */,
				FABC2CC32A7E9DB300C96CEA /* MainTabBarViewController.swift */,
				FABC2CB32A7E98E000C96CEA /* ViewController.swift */,
				FABC2CB82A7E98E100C96CEA /* Assets.xcassets */,
				FABC2CBA2A7E98E100C96CEA /* LaunchScreen.storyboard */,
				FABC2CBD2A7E98E200C96CEA /* Info.plist */,
				FAAD3FA62A8F66BE00F633D6 /* movieFlimModel.xcdatamodeld */,
			);
			path = MovieFlim;
			sourceTree = "<group>";
		};
		FABC2CC52A7E9E8B00C96CEA /* Controllers */ = {
			isa = PBXGroup;
			children = (
				FA7C90A12A8CBA2300B740E2 /* General */,
				FA7C90A02A8CB9D700B740E2 /* Core */,
			);
			path = Controllers;
			sourceTree = "<group>";
		};
		FABC2CCE2A7EA65200C96CEA /* Views */ = {
			isa = PBXGroup;
			children = (
				FABC2CD22A7EA6B700C96CEA /* CollectionViewTableViewCell.swift */,
				FABC2CD42A7F741100C96CEA /* HeroHeaderUIView.swift */,
				FA7C90932A8A307500B740E2 /* TitleCollectionViewCell.swift */,
				FA7C909A2A8CA89F00B740E2 /* TitleTableViewCell.swift */,
			);
			path = Views;
			sourceTree = "<group>";
		};
		FABC2CCF2A7EA66400C96CEA /* ViewModels */ = {
			isa = PBXGroup;
			children = (
				FA7C909C2A8CAC4400B740E2 /* TitleViewModel.swift */,
				FA7C90A62A8DF18A00B740E2 /* TitlePreviewViewModel.swift */,
			);
			path = ViewModels;
			sourceTree = "<group>";
		};
		FABC2CD02A7EA67000C96CEA /* Managers */ = {
			isa = PBXGroup;
			children = (
				FA7C90892A8A11F500B740E2 /* APIcaller.swift */,
				FAAD3FA92A8F69BF00F633D6 /* DataPersitanceManager.swift */,
			);
			path = Managers;
			sourceTree = "<group>";
		};
		FABC2CD12A7EA67900C96CEA /* Models */ = {
			isa = PBXGroup;
			children = (
				FA7C908B2A8A1CC800B740E2 /* Movie.swift */,
				FA7C90912A8A277800B740E2 /* Tv.swift */,
				FA7C90A22A8CC62A00B740E2 /* YoutubeSearchResponse.swift */,
			);
			path = Models;
			sourceTree = "<group>";
		};
/* End PBXGroup section */

/* Begin PBXNativeTarget section */
		FABC2CAB2A7E98E000C96CEA /* MovieFlim */ = {
			isa = PBXNativeTarget;
			buildConfigurationList = FABC2CC02A7E98E200C96CEA /* Build configuration list for PBXNativeTarget "MovieFlim" */;
			buildPhases = (
				FABC2CA82A7E98E000C96CEA /* Sources */,
				FABC2CA92A7E98E000C96CEA /* Frameworks */,
				FABC2CAA2A7E98E000C96CEA /* Resources */,
			);
			buildRules = (
			);
			dependencies = (
			);
			name = MovieFlim;
			packageProductDependencies = (
				FA7C90962A8A368C00B740E2 /* SDWebImage */,
				FA7C90982A8A368C00B740E2 /* SDWebImageMapKit */,
			);
			productName = MovieFlim;
			productReference = FABC2CAC2A7E98E000C96CEA /* MovieFlim.app */;
			productType = "com.apple.product-type.application";
		};
/* End PBXNativeTarget section */

/* Begin PBXProject section */
		FABC2CA42A7E98E000C96CEA /* Project object */ = {
			isa = PBXProject;
			attributes = {
				BuildIndependentTargetsInParallel = 1;
				LastSwiftUpdateCheck = 1430;
				LastUpgradeCheck = 1430;
				TargetAttributes = {
					FABC2CAB2A7E98E000C96CEA = {
						CreatedOnToolsVersion = 14.3.1;
					};
				};
			};
			buildConfigurationList = FABC2CA72A7E98E000C96CEA /* Build configuration list for PBXProject "MovieFlim" */;
			compatibilityVersion = "Xcode 14.0";
			developmentRegion = en;
			hasScannedForEncodings = 0;
			knownRegions = (
				en,
				Base,
			);
			mainGroup = FABC2CA32A7E98E000C96CEA;
			packageReferences = (
				FA7C90952A8A368C00B740E2 /* XCRemoteSwiftPackageReference "SDWebImage" */,
			);
			productRefGroup = FABC2CAD2A7E98E000C96CEA /* Products */;
			projectDirPath = "";
			projectRoot = "";
			targets = (
				FABC2CAB2A7E98E000C96CEA /* MovieFlim */,
			);
		};
/* End PBXProject section */

/* Begin PBXResourcesBuildPhase section */
		FABC2CAA2A7E98E000C96CEA /* Resources */ = {
			isa = PBXResourcesBuildPhase;
			buildActionMask = 2147483647;
			files = (
				FABC2CBC2A7E98E100C96CEA /* LaunchScreen.storyboard in Resources */,
				FABC2CB92A7E98E100C96CEA /* Assets.xcassets in Resources */,
			);
			runOnlyForDeploymentPostprocessing = 0;
		};
/* End PBXResourcesBuildPhase section */

/* Begin PBXSourcesBuildPhase section */
		FABC2CA82A7E98E000C96CEA /* Sources */ = {
			isa = PBXSourcesBuildPhase;
			buildActionMask = 2147483647;
			files = (
				FA7C90A72A8DF18A00B740E2 /* TitlePreviewViewModel.swift in Sources */,
				FABC2CC72A7E9EA500C96CEA /* HomeViewController.swift in Sources */,
				FABC2CD52A7F741100C96CEA /* HeroHeaderUIView.swift in Sources */,
				FA7C908C2A8A1CC800B740E2 /* Movie.swift in Sources */,
				FA7C90A32A8CC62A00B740E2 /* YoutubeSearchResponse.swift in Sources */,
				FABC2CCB2A7E9F3F00C96CEA /* SearchViewController.swift in Sources */,
				FABC2CB42A7E98E000C96CEA /* ViewController.swift in Sources */,
				FABC2CC42A7E9DB300C96CEA /* MainTabBarViewController.swift in Sources */,
				FABC2CB02A7E98E000C96CEA /* AppDelegate.swift in Sources */,
				FABC2CD32A7EA6B700C96CEA /* CollectionViewTableViewCell.swift in Sources */,
				FA7C909B2A8CA89F00B740E2 /* TitleTableViewCell.swift in Sources */,
				FA7C909D2A8CAC4400B740E2 /* TitleViewModel.swift in Sources */,
				FA7C909F2A8CB9A100B740E2 /* SearchResultViewController.swift in Sources */,
				FAAD3FAA2A8F69BF00F633D6 /* DataPersitanceManager.swift in Sources */,
				FA7C90A52A8DEDF700B740E2 /* TitlePreviewViewController.swift in Sources */,
				FAAD3FA82A8F66BE00F633D6 /* movieFlimModel.xcdatamodeld in Sources */,
				FABC2CC92A7E9F1F00C96CEA /* UpCommingViewController.swift in Sources */,
				FA7C908F2A8A208900B740E2 /* Extension.swift in Sources */,
				FA7C908A2A8A11F500B740E2 /* APIcaller.swift in Sources */,
				FA7C90922A8A277800B740E2 /* Tv.swift in Sources */,
				FA7C90942A8A307500B740E2 /* TitleCollectionViewCell.swift in Sources */,
				FABC2CCD2A7E9F6F00C96CEA /* DownloadViewController.swift in Sources */,
				FABC2CB22A7E98E000C96CEA /* SceneDelegate.swift in Sources */,
			);
			runOnlyForDeploymentPostprocessing = 0;
		};
/* End PBXSourcesBuildPhase section */

/* Begin PBXVariantGroup section */
		FABC2CBA2A7E98E100C96CEA /* LaunchScreen.storyboard */ = {
			isa = PBXVariantGroup;
			children = (
				FABC2CBB2A7E98E100C96CEA /* Base */,
			);
			name = LaunchScreen.storyboard;
			sourceTree = "<group>";
		};
/* End PBXVariantGroup section */

/* Begin XCBuildConfiguration section */
		FABC2CBE2A7E98E200C96CEA /* Debug */ = {
			isa = XCBuildConfiguration;
			buildSettings = {
				ALWAYS_SEARCH_USER_PATHS = NO;
				CLANG_ANALYZER_NONNULL = YES;
				CLANG_ANALYZER_NUMBER_OBJECT_CONVERSION = YES_AGGRESSIVE;
				CLANG_CXX_LANGUAGE_STANDARD = "gnu++20";
				CLANG_ENABLE_MODULES = YES;
				CLANG_ENABLE_OBJC_ARC = YES;
				CLANG_ENABLE_OBJC_WEAK = YES;
				CLANG_WARN_BLOCK_CAPTURE_AUTORELEASING = YES;
				CLANG_WARN_BOOL_CONVERSION = YES;
				CLANG_WARN_COMMA = YES;
				CLANG_WARN_CONSTANT_CONVERSION = YES;
				CLANG_WARN_DEPRECATED_OBJC_IMPLEMENTATIONS = YES;
				CLANG_WARN_DIRECT_OBJC_ISA_USAGE = YES_ERROR;
				CLANG_WARN_DOCUMENTATION_COMMENTS = YES;
				CLANG_WARN_EMPTY_BODY = YES;
				CLANG_WARN_ENUM_CONVERSION = YES;
				CLANG_WARN_INFINITE_RECURSION = YES;
				CLANG_WARN_INT_CONVERSION = YES;
				CLANG_WARN_NON_LITERAL_NULL_CONVERSION = YES;
				CLANG_WARN_OBJC_IMPLICIT_RETAIN_SELF = YES;
				CLANG_WARN_OBJC_LITERAL_CONVERSION = YES;
				CLANG_WARN_OBJC_ROOT_CLASS = YES_ERROR;
				CLANG_WARN_QUOTED_INCLUDE_IN_FRAMEWORK_HEADER = YES;
				CLANG_WARN_RANGE_LOOP_ANALYSIS = YES;
				CLANG_WARN_STRICT_PROTOTYPES = YES;
				CLANG_WARN_SUSPICIOUS_MOVE = YES;
				CLANG_WARN_UNGUARDED_AVAILABILITY = YES_AGGRESSIVE;
				CLANG_WARN_UNREACHABLE_CODE = YES;
				CLANG_WARN__DUPLICATE_METHOD_MATCH = YES;
				COPY_PHASE_STRIP = NO;
				DEBUG_INFORMATION_FORMAT = dwarf;
				ENABLE_STRICT_OBJC_MSGSEND = YES;
				ENABLE_TESTABILITY = YES;
				GCC_C_LANGUAGE_STANDARD = gnu11;
				GCC_DYNAMIC_NO_PIC = NO;
				GCC_NO_COMMON_BLOCKS = YES;
				GCC_OPTIMIZATION_LEVEL = 0;
				GCC_PREPROCESSOR_DEFINITIONS = (
					"DEBUG=1",
					"$(inherited)",
				);
				GCC_WARN_64_TO_32_BIT_CONVERSION = YES;
				GCC_WARN_ABOUT_RETURN_TYPE = YES_ERROR;
				GCC_WARN_UNDECLARED_SELECTOR = YES;
				GCC_WARN_UNINITIALIZED_AUTOS = YES_AGGRESSIVE;
				GCC_WARN_UNUSED_FUNCTION = YES;
				GCC_WARN_UNUSED_VARIABLE = YES;
				IPHONEOS_DEPLOYMENT_TARGET = 16.4;
				MTL_ENABLE_DEBUG_INFO = INCLUDE_SOURCE;
				MTL_FAST_MATH = YES;
				ONLY_ACTIVE_ARCH = YES;
				SDKROOT = iphoneos;
				SWIFT_ACTIVE_COMPILATION_CONDITIONS = DEBUG;
				SWIFT_OPTIMIZATION_LEVEL = "-Onone";
			};
			name = Debug;
		};
		FABC2CBF2A7E98E200C96CEA /* Release */ = {
			isa = XCBuildConfiguration;
			buildSettings = {
				ALWAYS_SEARCH_USER_PATHS = NO;
				CLANG_ANALYZER_NONNULL = YES;
				CLANG_ANALYZER_NUMBER_OBJECT_CONVERSION = YES_AGGRESSIVE;
				CLANG_CXX_LANGUAGE_STANDARD = "gnu++20";
				CLANG_ENABLE_MODULES = YES;
				CLANG_ENABLE_OBJC_ARC = YES;
				CLANG_ENABLE_OBJC_WEAK = YES;
				CLANG_WARN_BLOCK_CAPTURE_AUTORELEASING = YES;
				CLANG_WARN_BOOL_CONVERSION = YES;
				CLANG_WARN_COMMA = YES;
				CLANG_WARN_CONSTANT_CONVERSION = YES;
				CLANG_WARN_DEPRECATED_OBJC_IMPLEMENTATIONS = YES;
				CLANG_WARN_DIRECT_OBJC_ISA_USAGE = YES_ERROR;
				CLANG_WARN_DOCUMENTATION_COMMENTS = YES;
				CLANG_WARN_EMPTY_BODY = YES;
				CLANG_WARN_ENUM_CONVERSION = YES;
				CLANG_WARN_INFINITE_RECURSION = YES;
				CLANG_WARN_INT_CONVERSION = YES;
				CLANG_WARN_NON_LITERAL_NULL_CONVERSION = YES;
				CLANG_WARN_OBJC_IMPLICIT_RETAIN_SELF = YES;
				CLANG_WARN_OBJC_LITERAL_CONVERSION = YES;
				CLANG_WARN_OBJC_ROOT_CLASS = YES_ERROR;
				CLANG_WARN_QUOTED_INCLUDE_IN_FRAMEWORK_HEADER = YES;
				CLANG_WARN_RANGE_LOOP_ANALYSIS = YES;
				CLANG_WARN_STRICT_PROTOTYPES = YES;
				CLANG_WARN_SUSPICIOUS_MOVE = YES;
				CLANG_WARN_UNGUARDED_AVAILABILITY = YES_AGGRESSIVE;
				CLANG_WARN_UNREACHABLE_CODE = YES;
				CLANG_WARN__DUPLICATE_METHOD_MATCH = YES;
				COPY_PHASE_STRIP = NO;
				DEBUG_INFORMATION_FORMAT = "dwarf-with-dsym";
				ENABLE_NS_ASSERTIONS = NO;
				ENABLE_STRICT_OBJC_MSGSEND = YES;
				GCC_C_LANGUAGE_STANDARD = gnu11;
				GCC_NO_COMMON_BLOCKS = YES;
				GCC_WARN_64_TO_32_BIT_CONVERSION = YES;
				GCC_WARN_ABOUT_RETURN_TYPE = YES_ERROR;
				GCC_WARN_UNDECLARED_SELECTOR = YES;
				GCC_WARN_UNINITIALIZED_AUTOS = YES_AGGRESSIVE;
				GCC_WARN_UNUSED_FUNCTION = YES;
				GCC_WARN_UNUSED_VARIABLE = YES;
				IPHONEOS_DEPLOYMENT_TARGET = 16.4;
				MTL_ENABLE_DEBUG_INFO = NO;
				MTL_FAST_MATH = YES;
				SDKROOT = iphoneos;
				SWIFT_COMPILATION_MODE = wholemodule;
				SWIFT_OPTIMIZATION_LEVEL = "-O";
				VALIDATE_PRODUCT = YES;
			};
			name = Release;
		};
		FABC2CC12A7E98E200C96CEA /* Debug */ = {
			isa = XCBuildConfiguration;
			buildSettings = {
				ASSETCATALOG_COMPILER_APPICON_NAME = AppIcon;
				ASSETCATALOG_COMPILER_GLOBAL_ACCENT_COLOR_NAME = AccentColor;
				CODE_SIGN_STYLE = Automatic;
				CURRENT_PROJECT_VERSION = 1;
				GENERATE_INFOPLIST_FILE = YES;
				INFOPLIST_FILE = MovieFlim/Info.plist;
				INFOPLIST_KEY_UIApplicationSupportsIndirectInputEvents = YES;
				INFOPLIST_KEY_UILaunchStoryboardName = LaunchScreen;
				INFOPLIST_KEY_UISupportedInterfaceOrientations_iPad = "UIInterfaceOrientationPortrait UIInterfaceOrientationPortraitUpsideDown UIInterfaceOrientationLandscapeLeft UIInterfaceOrientationLandscapeRight";
				INFOPLIST_KEY_UISupportedInterfaceOrientations_iPhone = "UIInterfaceOrientationPortrait UIInterfaceOrientationLandscapeLeft UIInterfaceOrientationLandscapeRight";
				LD_RUNPATH_SEARCH_PATHS = (
					"$(inherited)",
					"@executable_path/Frameworks",
				);
				MARKETING_VERSION = 1.0;
				PRODUCT_BUNDLE_IDENTIFIER = hiep.MovieFlim;
				PRODUCT_NAME = "$(TARGET_NAME)";
				SWIFT_EMIT_LOC_STRINGS = YES;
				SWIFT_VERSION = 5.0;
				TARGETED_DEVICE_FAMILY = "1,2";
			};
			name = Debug;
		};
		FABC2CC22A7E98E200C96CEA /* Release */ = {
			isa = XCBuildConfiguration;
			buildSettings = {
				ASSETCATALOG_COMPILER_APPICON_NAME = AppIcon;
				ASSETCATALOG_COMPILER_GLOBAL_ACCENT_COLOR_NAME = AccentColor;
				CODE_SIGN_STYLE = Automatic;
				CURRENT_PROJECT_VERSION = 1;
				GENERATE_INFOPLIST_FILE = YES;
				INFOPLIST_FILE = MovieFlim/Info.plist;
				INFOPLIST_KEY_UIApplicationSupportsIndirectInputEvents = YES;
				INFOPLIST_KEY_UILaunchStoryboardName = LaunchScreen;
				INFOPLIST_KEY_UISupportedInterfaceOrientations_iPad = "UIInterfaceOrientationPortrait UIInterfaceOrientationPortraitUpsideDown UIInterfaceOrientationLandscapeLeft UIInterfaceOrientationLandscapeRight";
				INFOPLIST_KEY_UISupportedInterfaceOrientations_iPhone = "UIInterfaceOrientationPortrait UIInterfaceOrientationLandscapeLeft UIInterfaceOrientationLandscapeRight";
				LD_RUNPATH_SEARCH_PATHS = (
					"$(inherited)",
					"@executable_path/Frameworks",
				);
				MARKETING_VERSION = 1.0;
				PRODUCT_BUNDLE_IDENTIFIER = hiep.MovieFlim;
				PRODUCT_NAME = "$(TARGET_NAME)";
				SWIFT_EMIT_LOC_STRINGS = YES;
				SWIFT_VERSION = 5.0;
				TARGETED_DEVICE_FAMILY = "1,2";
			};
			name = Release;
		};
/* End XCBuildConfiguration section */

/* Begin XCConfigurationList section */
		FABC2CA72A7E98E000C96CEA /* Build configuration list for PBXProject "MovieFlim" */ = {
			isa = XCConfigurationList;
			buildConfigurations = (
				FABC2CBE2A7E98E200C96CEA /* Debug */,
				FABC2CBF2A7E98E200C96CEA /* Release */,
			);
			defaultConfigurationIsVisible = 0;
			defaultConfigurationName = Release;
		};
		FABC2CC02A7E98E200C96CEA /* Build configuration list for PBXNativeTarget "MovieFlim" */ = {
			isa = XCConfigurationList;
			buildConfigurations = (
				FABC2CC12A7E98E200C96CEA /* Debug */,
				FABC2CC22A7E98E200C96CEA /* Release */,
			);
			defaultConfigurationIsVisible = 0;
			defaultConfigurationName = Release;
		};
/* End XCConfigurationList section */

/* Begin XCRemoteSwiftPackageReference section */
		FA7C90952A8A368C00B740E2 /* XCRemoteSwiftPackageReference "SDWebImage" */ = {
			isa = XCRemoteSwiftPackageReference;
			repositoryURL = "https://github.com/SDWebImage/SDWebImage.git";
			requirement = {
				kind = upToNextMajorVersion;
				minimumVersion = 5.0.0;
			};
		};
/* End XCRemoteSwiftPackageReference section */

/* Begin XCSwiftPackageProductDependency section */
		FA7C90962A8A368C00B740E2 /* SDWebImage */ = {
			isa = XCSwiftPackageProductDependency;
			package = FA7C90952A8A368C00B740E2 /* XCRemoteSwiftPackageReference "SDWebImage" */;
			productName = SDWebImage;
		};
		FA7C90982A8A368C00B740E2 /* SDWebImageMapKit */ = {
			isa = XCSwiftPackageProductDependency;
			package = FA7C90952A8A368C00B740E2 /* XCRemoteSwiftPackageReference "SDWebImage" */;
			productName = SDWebImageMapKit;
		};
/* End XCSwiftPackageProductDependency section */

/* Begin XCVersionGroup section */
		FAAD3FA62A8F66BE00F633D6 /* movieFlimModel.xcdatamodeld */ = {
			isa = XCVersionGroup;
			children = (
				FAAD3FA72A8F66BE00F633D6 /* movieFlimModel.xcdatamodel */,
			);
			currentVersion = FAAD3FA72A8F66BE00F633D6 /* movieFlimModel.xcdatamodel */;
			path = movieFlimModel.xcdatamodeld;
			sourceTree = "<group>";
			versionGroupType = wrapper.xcdatamodel;
		};
/* End XCVersionGroup section */
	};
	rootObject = FABC2CA42A7E98E000C96CEA /* Project object */;
}
